
Microsoft Visual Studio Solution File, Format Version 12.00
# Visual Studio Version 17
VisualStudioVersion = 17.14.37012.4 d17.14
MinimumVisualStudioVersion = 10.0.40219.1
Project("{FAE04EC0-301F-11D3-BF4B-00C04F79EFBC}") = "chat-app", "chat-app.csproj", "{693D62DB-64A3-4DC9-9700-1B824BD4434E}"
EndProject
Global
	GlobalSection(SolutionConfigurationPlatforms) = preSolution
		Debug|Any CPU = Debug|Any CPU
		Release|Any CPU = Release|Any CPU
	EndGlobalSection
	GlobalSection(ProjectConfigurationPlatforms) = postSolution
		{693D62DB-64A3-4DC9-9700-1B824BD4434E}.Debug|Any CPU.ActiveCfg = Debug|Any CPU
		{693D62DB-64A3-4DC9-9700-1B824BD4434E}.Debug|Any CPU.Build.0 = Debug|Any CPU
		{693D62DB-64A3-4DC9-9700-1B824BD4434E}.Release|Any CPU.ActiveCfg = Release|Any CPU
		{693D62DB-64A3-4DC9-9700-1B824BD4434E}.Release|Any CPU.Build.0 = Release|Any CPU
	EndGlobalSection
	GlobalSection(SolutionProperties) = preSolution
		HideSolutionNode = FALSE
	EndGlobalSection
	GlobalSection(ExtensibilityGlobals) = postSolution
		SolutionGuid = {0A9A62E4-C228-435A-9AFD-A205C3E1FF0C}
	EndGlobalSection
EndGlobal
